
Microsoft Visual Studio Solution File, Format Version 12.00
# Visual Studio Version 16
VisualStudioVersion = 16.0.30011.22
MinimumVisualStudioVersion = 10.0.40219.1
Project("{FAE04EC0-301F-11D3-BF4B-00C04F79EFBC}") = "SoftuniFundamentalsCsharp", "SoftuniFundamentalsCsharp.csproj", "{B4702699-55C9-4001-A6E1-2B3116EEB63E}"
EndProject
Global
	GlobalSection(SolutionConfigurationPlatforms) = preSolution
		Debug|Any CPU = Debug|Any CPU
		Release|Any CPU = Release|Any CPU
	EndGlobalSection
	GlobalSection(ProjectConfigurationPlatforms) = postSolution
		{B4702699-55C9-4001-A6E1-2B3116EEB63E}.Debug|Any CPU.ActiveCfg = Debug|Any CPU
		{B4702699-55C9-4001-A6E1-2B3116EEB63E}.Debug|Any CPU.Build.0 = Debug|Any CPU
		{B4702699-55C9-4001-A6E1-2B3116EEB63E}.Release|Any CPU.ActiveCfg = Release|Any CPU
		{B4702699-55C9-4001-A6E1-2B3116EEB63E}.Release|Any CPU.Build.0 = Release|Any CPU
	EndGlobalSection
	GlobalSection(SolutionProperties) = preSolution
		HideSolutionNode = FALSE
	EndGlobalSection
	GlobalSection(ExtensibilityGlobals) = postSolution
		SolutionGuid = {F1F17735-5331-4F26-AB92-1CE0EE29C0F2}
	EndGlobalSection
EndGlobal
