
Microsoft Visual Studio Solution File, Format Version 12.00
# Visual Studio Version 16
VisualStudioVersion = 16.0.30523.141
MinimumVisualStudioVersion = 10.0.40219.1
Project("{FAE04EC0-301F-11D3-BF4B-00C04F79EFBC}") = "EntityFrameworkHospitalAppCodeFirst", "EntityFrameworkHospitalAppCodeFirst.csproj", "{495596EA-470E-443C-9FC8-F052849F80B8}"
EndProject
Global
	GlobalSection(SolutionConfigurationPlatforms) = preSolution
		Debug|Any CPU = Debug|Any CPU
		Release|Any CPU = Release|Any CPU
	EndGlobalSection
	GlobalSection(ProjectConfigurationPlatforms) = postSolution
		{495596EA-470E-443C-9FC8-F052849F80B8}.Debug|Any CPU.ActiveCfg = Debug|Any CPU
		{495596EA-470E-443C-9FC8-F052849F80B8}.Debug|Any CPU.Build.0 = Debug|Any CPU
		{495596EA-470E-443C-9FC8-F052849F80B8}.Release|Any CPU.ActiveCfg = Release|Any CPU
		{495596EA-470E-443C-9FC8-F052849F80B8}.Release|Any CPU.Build.0 = Release|Any CPU
	EndGlobalSection
	GlobalSection(SolutionProperties) = preSolution
		HideSolutionNode = FALSE
	EndGlobalSection
	GlobalSection(ExtensibilityGlobals) = postSolution
		SolutionGuid = {EC83E9A6-9574-45CA-A343-32B318FEED8C}
	EndGlobalSection
EndGlobal
