
Microsoft Visual Studio Solution File, Format Version 12.00
# Visual Studio Version 16
VisualStudioVersion = 16.0.30523.141
MinimumVisualStudioVersion = 10.0.40219.1
Project("{FAE04EC0-301F-11D3-BF4B-00C04F79EFBC}") = "SoftuniOOP_2019", "SoftuniOOP_2019.csproj", "{C03E1767-5A39-434D-9A4E-6D856501198A}"
EndProject
Global
	GlobalSection(SolutionConfigurationPlatforms) = preSolution
		Debug|Any CPU = Debug|Any CPU
		Release|Any CPU = Release|Any CPU
	EndGlobalSection
	GlobalSection(ProjectConfigurationPlatforms) = postSolution
		{C03E1767-5A39-434D-9A4E-6D856501198A}.Debug|Any CPU.ActiveCfg = Debug|Any CPU
		{C03E1767-5A39-434D-9A4E-6D856501198A}.Debug|Any CPU.Build.0 = Debug|Any CPU
		{C03E1767-5A39-434D-9A4E-6D856501198A}.Release|Any CPU.ActiveCfg = Release|Any CPU
		{C03E1767-5A39-434D-9A4E-6D856501198A}.Release|Any CPU.Build.0 = Release|Any CPU
	EndGlobalSection
	GlobalSection(SolutionProperties) = preSolution
		HideSolutionNode = FALSE
	EndGlobalSection
	GlobalSection(ExtensibilityGlobals) = postSolution
		SolutionGuid = {3D25234B-CB55-4A84-88C3-D95778495FB8}
	EndGlobalSection
EndGlobal
