
Microsoft Visual Studio Solution File, Format Version 12.00
# Visual Studio Version 16
VisualStudioVersion = 16.0.30523.141
MinimumVisualStudioVersion = 10.0.40219.1
Project("{9A19103F-16F7-4668-BE54-9A1E7A4F7556}") = "SoftuniOOP_2019", "SoftuniOOP_2019.csproj", "{C03E1767-5A39-434D-9A4E-6D856501198A}"
EndProject
Project("{9A19103F-16F7-4668-BE54-9A1E7A4F7556}") = "Restaurant", "..\Restaurant\Restaurant.csproj", "{7E516C30-B2DA-46E4-86A7-49219454CC00}"
EndProject
Project("{9A19103F-16F7-4668-BE54-9A1E7A4F7556}") = "MatchingGame", "..\MatchingGame\MatchingGame.csproj", "{8767EACA-03D6-4514-A49E-CBBAAFF88D89}"
EndProject
Project("{9A19103F-16F7-4668-BE54-9A1E7A4F7556}") = "GreedyTimes", "..\GreedyTimes\GreedyTimes.csproj", "{BF5F40CE-5F3C-49C1-A76C-101F50F97971}"
EndProject
Project("{9A19103F-16F7-4668-BE54-9A1E7A4F7556}") = "HospitalElectronicRegister", "..\HospitalElectronicRegister\HospitalElectronicRegister.csproj", "{7E852730-5E41-4EE0-8EED-DD2FEDE9DADF}"
EndProject
Project("{FAE04EC0-301F-11D3-BF4B-00C04F79EFBC}") = "EntitFrameworkCoreLabs", "..\EntitFrameworkCoreLabs\EntitFrameworkCoreLabs.csproj", "{A17E00B4-38F5-42D4-A298-ECF52EA57743}"
EndProject
Global
	GlobalSection(SolutionConfigurationPlatforms) = preSolution
		Debug|Any CPU = Debug|Any CPU
		Release|Any CPU = Release|Any CPU
	EndGlobalSection
	GlobalSection(ProjectConfigurationPlatforms) = postSolution
		{C03E1767-5A39-434D-9A4E-6D856501198A}.Debug|Any CPU.ActiveCfg = Debug|Any CPU
		{C03E1767-5A39-434D-9A4E-6D856501198A}.Debug|Any CPU.Build.0 = Debug|Any CPU
		{C03E1767-5A39-434D-9A4E-6D856501198A}.Release|Any CPU.ActiveCfg = Release|Any CPU
		{C03E1767-5A39-434D-9A4E-6D856501198A}.Release|Any CPU.Build.0 = Release|Any CPU
		{7E516C30-B2DA-46E4-86A7-49219454CC00}.Debug|Any CPU.ActiveCfg = Debug|Any CPU
		{7E516C30-B2DA-46E4-86A7-49219454CC00}.Debug|Any CPU.Build.0 = Debug|Any CPU
		{7E516C30-B2DA-46E4-86A7-49219454CC00}.Release|Any CPU.ActiveCfg = Release|Any CPU
		{7E516C30-B2DA-46E4-86A7-49219454CC00}.Release|Any CPU.Build.0 = Release|Any CPU
		{8767EACA-03D6-4514-A49E-CBBAAFF88D89}.Debug|Any CPU.ActiveCfg = Debug|Any CPU
		{8767EACA-03D6-4514-A49E-CBBAAFF88D89}.Debug|Any CPU.Build.0 = Debug|Any CPU
		{8767EACA-03D6-4514-A49E-CBBAAFF88D89}.Release|Any CPU.ActiveCfg = Release|Any CPU
		{8767EACA-03D6-4514-A49E-CBBAAFF88D89}.Release|Any CPU.Build.0 = Release|Any CPU
		{BF5F40CE-5F3C-49C1-A76C-101F50F97971}.Debug|Any CPU.ActiveCfg = Debug|Any CPU
		{BF5F40CE-5F3C-49C1-A76C-101F50F97971}.Debug|Any CPU.Build.0 = Debug|Any CPU
		{BF5F40CE-5F3C-49C1-A76C-101F50F97971}.Release|Any CPU.ActiveCfg = Release|Any CPU
		{BF5F40CE-5F3C-49C1-A76C-101F50F97971}.Release|Any CPU.Build.0 = Release|Any CPU
		{7E852730-5E41-4EE0-8EED-DD2FEDE9DADF}.Debug|Any CPU.ActiveCfg = Debug|Any CPU
		{7E852730-5E41-4EE0-8EED-DD2FEDE9DADF}.Debug|Any CPU.Build.0 = Debug|Any CPU
		{7E852730-5E41-4EE0-8EED-DD2FEDE9DADF}.Release|Any CPU.ActiveCfg = Release|Any CPU
		{7E852730-5E41-4EE0-8EED-DD2FEDE9DADF}.Release|Any CPU.Build.0 = Release|Any CPU
		{A17E00B4-38F5-42D4-A298-ECF52EA57743}.Debug|Any CPU.ActiveCfg = Debug|Any CPU
		{A17E00B4-38F5-42D4-A298-ECF52EA57743}.Debug|Any CPU.Build.0 = Debug|Any CPU
		{A17E00B4-38F5-42D4-A298-ECF52EA57743}.Release|Any CPU.ActiveCfg = Release|Any CPU
		{A17E00B4-38F5-42D4-A298-ECF52EA57743}.Release|Any CPU.Build.0 = Release|Any CPU
	EndGlobalSection
	GlobalSection(SolutionProperties) = preSolution
		HideSolutionNode = FALSE
	EndGlobalSection
	GlobalSection(ExtensibilityGlobals) = postSolution
		SolutionGuid = {3D25234B-CB55-4A84-88C3-D95778495FB8}
	EndGlobalSection
EndGlobal
