
Microsoft Visual Studio Solution File, Format Version 12.00
# Visual Studio Version 16
VisualStudioVersion = 16.0.30523.141
MinimumVisualStudioVersion = 10.0.40219.1
Project("{FAE04EC0-301F-11D3-BF4B-00C04F79EFBC}") = "BookShopEntityFrameWorkCoreDbDatabaseFirst", "BookShopEntityFrameWorkCoreDbDatabaseFirst.csproj", "{5F96B149-C2B1-4CC5-AD7D-9CAD2AFBEFA8}"
EndProject
Global
	GlobalSection(SolutionConfigurationPlatforms) = preSolution
		Debug|Any CPU = Debug|Any CPU
		Release|Any CPU = Release|Any CPU
	EndGlobalSection
	GlobalSection(ProjectConfigurationPlatforms) = postSolution
		{5F96B149-C2B1-4CC5-AD7D-9CAD2AFBEFA8}.Debug|Any CPU.ActiveCfg = Debug|Any CPU
		{5F96B149-C2B1-4CC5-AD7D-9CAD2AFBEFA8}.Debug|Any CPU.Build.0 = Debug|Any CPU
		{5F96B149-C2B1-4CC5-AD7D-9CAD2AFBEFA8}.Release|Any CPU.ActiveCfg = Release|Any CPU
		{5F96B149-C2B1-4CC5-AD7D-9CAD2AFBEFA8}.Release|Any CPU.Build.0 = Release|Any CPU
	EndGlobalSection
	GlobalSection(SolutionProperties) = preSolution
		HideSolutionNode = FALSE
	EndGlobalSection
	GlobalSection(ExtensibilityGlobals) = postSolution
		SolutionGuid = {39097C64-AD00-4DA6-ACAE-A5C6396B1B5E}
	EndGlobalSection
EndGlobal
